
Microsoft Visual Studio Solution File, Format Version 12.00
# Visual Studio 14
VisualStudioVersion = 14.0.23107.0
MinimumVisualStudioVersion = 10.0.40219.1
Project("{FAE04EC0-301F-11D3-BF4B-00C04F79EFBC}") = "Embree", "Embree\Embree.csproj", "{0A19397D-7A90-454A-948C-32A03F3C7629}"
EndProject
Project("{FAE04EC0-301F-11D3-BF4B-00C04F79EFBC}") = "Embree.Sample", "Embree.Sample\Embree.Sample.csproj", "{8A0870FE-3A55-4E90-AC4E-7698FEE0E7C1}"
EndProject
Project("{FAE04EC0-301F-11D3-BF4B-00C04F79EFBC}") = "Illuminarium", "Illuminarium\Illuminarium.csproj", "{B7AE6C3D-C4F3-431D-B878-9F79EC06858B}"
EndProject
Project("{FAE04EC0-301F-11D3-BF4B-00C04F79EFBC}") = "Illuminarium.Core", "Illuminarium.Core\Illuminarium.Core.csproj", "{EFA4986C-8AE6-4AD2-AFA2-E29853CD1937}"
EndProject
Project("{FAE04EC0-301F-11D3-BF4B-00C04F79EFBC}") = "Illuminarium.IO", "Illuminarium.IO\Illuminarium.IO.csproj", "{0474E9D7-99D9-44EF-B872-76010825A80A}"
EndProject
Project("{FAE04EC0-301F-11D3-BF4B-00C04F79EFBC}") = "Illuminarium.Core.RayTracer.Embree", "Illuminarium.Core.RayTracer.Embree\Illuminarium.Core.RayTracer.Embree.csproj", "{22500CB3-7D07-462E-AD9B-A0DA599E0335}"
EndProject
Project("{FAE04EC0-301F-11D3-BF4B-00C04F79EFBC}") = "Illuminarium.Test.MathLibrary", "Illuminarium.Test.MathLibrary\Illuminarium.Test.MathLibrary.csproj", "{2AC9EDA3-A926-4120-A636-D56DF9C59ABC}"
EndProject
Project("{2150E333-8FDC-42A3-9474-1A3956D46DE8}") = "Tests", "Tests", "{1C92AA62-EB78-4805-A029-ECF7DC9C26B2}"
EndProject
Project("{2150E333-8FDC-42A3-9474-1A3956D46DE8}") = "Core", "Core", "{34C196FE-C406-401C-ADE3-E400D8D4C99C}"
EndProject
Project("{2150E333-8FDC-42A3-9474-1A3956D46DE8}") = "UI", "UI", "{91D6CE36-8F7C-4E5B-BB81-6E579EF97F98}"
EndProject
Project("{FAE04EC0-301F-11D3-BF4B-00C04F79EFBC}") = "Illuminarium.Graph", "Illuminarium.Graph\Illuminarium.Graph.csproj", "{4E6380CB-047B-4A18-A607-5CBCEDAFE052}"
EndProject
Project("{2150E333-8FDC-42A3-9474-1A3956D46DE8}") = "Lib", "Lib", "{9963FC36-80D9-428B-864C-E7B1F2C0DD5E}"
EndProject
Project("{FAE04EC0-301F-11D3-BF4B-00C04F79EFBC}") = "SphericalHarmonics", "SphericalHarmonics\SphericalHarmonics.csproj", "{6383FE3B-F578-4805-8335-F79D897EB15B}"
EndProject
Global
	GlobalSection(SolutionConfigurationPlatforms) = preSolution
		Debug|Any CPU = Debug|Any CPU
		Release|Any CPU = Release|Any CPU
	EndGlobalSection
	GlobalSection(ProjectConfigurationPlatforms) = postSolution
		{0A19397D-7A90-454A-948C-32A03F3C7629}.Debug|Any CPU.ActiveCfg = Debug|Any CPU
		{0A19397D-7A90-454A-948C-32A03F3C7629}.Debug|Any CPU.Build.0 = Debug|Any CPU
		{0A19397D-7A90-454A-948C-32A03F3C7629}.Release|Any CPU.ActiveCfg = Release|Any CPU
		{0A19397D-7A90-454A-948C-32A03F3C7629}.Release|Any CPU.Build.0 = Release|Any CPU
		{8A0870FE-3A55-4E90-AC4E-7698FEE0E7C1}.Debug|Any CPU.ActiveCfg = Debug|Any CPU
		{8A0870FE-3A55-4E90-AC4E-7698FEE0E7C1}.Debug|Any CPU.Build.0 = Debug|Any CPU
		{8A0870FE-3A55-4E90-AC4E-7698FEE0E7C1}.Release|Any CPU.ActiveCfg = Release|Any CPU
		{8A0870FE-3A55-4E90-AC4E-7698FEE0E7C1}.Release|Any CPU.Build.0 = Release|Any CPU
		{B7AE6C3D-C4F3-431D-B878-9F79EC06858B}.Debug|Any CPU.ActiveCfg = Debug|Any CPU
		{B7AE6C3D-C4F3-431D-B878-9F79EC06858B}.Debug|Any CPU.Build.0 = Debug|Any CPU
		{B7AE6C3D-C4F3-431D-B878-9F79EC06858B}.Release|Any CPU.ActiveCfg = Release|Any CPU
		{B7AE6C3D-C4F3-431D-B878-9F79EC06858B}.Release|Any CPU.Build.0 = Release|Any CPU
		{EFA4986C-8AE6-4AD2-AFA2-E29853CD1937}.Debug|Any CPU.ActiveCfg = Debug|Any CPU
		{EFA4986C-8AE6-4AD2-AFA2-E29853CD1937}.Debug|Any CPU.Build.0 = Debug|Any CPU
		{EFA4986C-8AE6-4AD2-AFA2-E29853CD1937}.Release|Any CPU.ActiveCfg = Release|Any CPU
		{EFA4986C-8AE6-4AD2-AFA2-E29853CD1937}.Release|Any CPU.Build.0 = Release|Any CPU
		{0474E9D7-99D9-44EF-B872-76010825A80A}.Debug|Any CPU.ActiveCfg = Debug|Any CPU
		{0474E9D7-99D9-44EF-B872-76010825A80A}.Debug|Any CPU.Build.0 = Debug|Any CPU
		{0474E9D7-99D9-44EF-B872-76010825A80A}.Release|Any CPU.ActiveCfg = Release|Any CPU
		{0474E9D7-99D9-44EF-B872-76010825A80A}.Release|Any CPU.Build.0 = Release|Any CPU
		{22500CB3-7D07-462E-AD9B-A0DA599E0335}.Debug|Any CPU.ActiveCfg = Debug|Any CPU
		{22500CB3-7D07-462E-AD9B-A0DA599E0335}.Debug|Any CPU.Build.0 = Debug|Any CPU
		{22500CB3-7D07-462E-AD9B-A0DA599E0335}.Release|Any CPU.ActiveCfg = Release|Any CPU
		{22500CB3-7D07-462E-AD9B-A0DA599E0335}.Release|Any CPU.Build.0 = Release|Any CPU
		{2AC9EDA3-A926-4120-A636-D56DF9C59ABC}.Debug|Any CPU.ActiveCfg = Debug|Any CPU
		{2AC9EDA3-A926-4120-A636-D56DF9C59ABC}.Debug|Any CPU.Build.0 = Debug|Any CPU
		{2AC9EDA3-A926-4120-A636-D56DF9C59ABC}.Release|Any CPU.ActiveCfg = Release|Any CPU
		{2AC9EDA3-A926-4120-A636-D56DF9C59ABC}.Release|Any CPU.Build.0 = Release|Any CPU
		{4E6380CB-047B-4A18-A607-5CBCEDAFE052}.Debug|Any CPU.ActiveCfg = Debug|Any CPU
		{4E6380CB-047B-4A18-A607-5CBCEDAFE052}.Debug|Any CPU.Build.0 = Debug|Any CPU
		{4E6380CB-047B-4A18-A607-5CBCEDAFE052}.Release|Any CPU.ActiveCfg = Release|Any CPU
		{4E6380CB-047B-4A18-A607-5CBCEDAFE052}.Release|Any CPU.Build.0 = Release|Any CPU
		{6383FE3B-F578-4805-8335-F79D897EB15B}.Debug|Any CPU.ActiveCfg = Debug|Any CPU
		{6383FE3B-F578-4805-8335-F79D897EB15B}.Debug|Any CPU.Build.0 = Debug|Any CPU
		{6383FE3B-F578-4805-8335-F79D897EB15B}.Release|Any CPU.ActiveCfg = Release|Any CPU
		{6383FE3B-F578-4805-8335-F79D897EB15B}.Release|Any CPU.Build.0 = Release|Any CPU
	EndGlobalSection
	GlobalSection(SolutionProperties) = preSolution
		HideSolutionNode = FALSE
	EndGlobalSection
	GlobalSection(NestedProjects) = preSolution
		{0A19397D-7A90-454A-948C-32A03F3C7629} = {9963FC36-80D9-428B-864C-E7B1F2C0DD5E}
		{8A0870FE-3A55-4E90-AC4E-7698FEE0E7C1} = {1C92AA62-EB78-4805-A029-ECF7DC9C26B2}
		{B7AE6C3D-C4F3-431D-B878-9F79EC06858B} = {91D6CE36-8F7C-4E5B-BB81-6E579EF97F98}
		{EFA4986C-8AE6-4AD2-AFA2-E29853CD1937} = {34C196FE-C406-401C-ADE3-E400D8D4C99C}
		{0474E9D7-99D9-44EF-B872-76010825A80A} = {34C196FE-C406-401C-ADE3-E400D8D4C99C}
		{22500CB3-7D07-462E-AD9B-A0DA599E0335} = {34C196FE-C406-401C-ADE3-E400D8D4C99C}
		{2AC9EDA3-A926-4120-A636-D56DF9C59ABC} = {1C92AA62-EB78-4805-A029-ECF7DC9C26B2}
		{4E6380CB-047B-4A18-A607-5CBCEDAFE052} = {91D6CE36-8F7C-4E5B-BB81-6E579EF97F98}
		{6383FE3B-F578-4805-8335-F79D897EB15B} = {9963FC36-80D9-428B-864C-E7B1F2C0DD5E}
	EndGlobalSection
EndGlobal
